
Microsoft Visual Studio Solution File, Format Version 12.00
# Visual Studio Version 17
VisualStudioVersion = 17.0.32126.317
MinimumVisualStudioVersion = 10.0.40219.1
Project("{FAE04EC0-301F-11D3-BF4B-00C04F79EFBC}") = "ResumeWebAPI", "ResumeWebAPI.csproj", "{7730656C-22D5-47C3-AFCD-EC83E4DCD401}"
EndProject
Global
	GlobalSection(SolutionConfigurationPlatforms) = preSolution
		Debug|Any CPU = Debug|Any CPU
		Release|Any CPU = Release|Any CPU
	EndGlobalSection
	GlobalSection(ProjectConfigurationPlatforms) = postSolution
		{7730656C-22D5-47C3-AFCD-EC83E4DCD401}.Debug|Any CPU.ActiveCfg = Debug|Any CPU
		{7730656C-22D5-47C3-AFCD-EC83E4DCD401}.Debug|Any CPU.Build.0 = Debug|Any CPU
		{7730656C-22D5-47C3-AFCD-EC83E4DCD401}.Release|Any CPU.ActiveCfg = Release|Any CPU
		{7730656C-22D5-47C3-AFCD-EC83E4DCD401}.Release|Any CPU.Build.0 = Release|Any CPU
	EndGlobalSection
	GlobalSection(SolutionProperties) = preSolution
		HideSolutionNode = FALSE
	EndGlobalSection
	GlobalSection(ExtensibilityGlobals) = postSolution
		SolutionGuid = {E7C1F4E0-3777-4407-91AA-16B8803DEF2E}
	EndGlobalSection
EndGlobal
